// !$*UTF8*$!
{
	archiveVersion = 1;
	classes = {
	};
	objectVersion = 46;
	objects = {

/* Begin PBXBuildFile section */
		1FBFDE181C607303007A8773 /* AppDelegate.swift in Sources */ = {isa = PBXBuildFile; fileRef = 1FBFDE171C607303007A8773 /* AppDelegate.swift */; };
		1FBFDE1A1C607303007A8773 /* ViewController.swift in Sources */ = {isa = PBXBuildFile; fileRef = 1FBFDE191C607303007A8773 /* ViewController.swift */; };
		1FBFDE1D1C607304007A8773 /* Main.storyboard in Resources */ = {isa = PBXBuildFile; fileRef = 1FBFDE1B1C607304007A8773 /* Main.storyboard */; };
		1FBFDE1F1C607304007A8773 /* Assets.xcassets in Resources */ = {isa = PBXBuildFile; fileRef = 1FBFDE1E1C607304007A8773 /* Assets.xcassets */; };
		1FBFDE221C607304007A8773 /* LaunchScreen.storyboard in Resources */ = {isa = PBXBuildFile; fileRef = 1FBFDE201C607304007A8773 /* LaunchScreen.storyboard */; };
		1FBFDE2A1C6074DD007A8773 /* sortednames.plist in Resources */ = {isa = PBXBuildFile; fileRef = 1FBFDE291C6074DD007A8773 /* sortednames.plist */; settings = {ASSET_TAGS = (); }; };
/* End PBXBuildFile section */

/* Begin PBXFileReference section */
		1FBFDE141C607303007A8773 /* Sections.app */ = {isa = PBXFileReference; explicitFileType = wrapper.application; includeInIndex = 0; path = Sections.app; sourceTree = BUILT_PRODUCTS_DIR; };
		1FBFDE171C607303007A8773 /* AppDelegate.swift */ = {isa = PBXFileReference; lastKnownFileType = sourcecode.swift; path = AppDelegate.swift; sourceTree = "<group>"; };
		1FBFDE191C607303007A8773 /* ViewController.swift */ = {isa = PBXFileReference; lastKnownFileType = sourcecode.swift; path = ViewController.swift; sourceTree = "<group>"; };
		1FBFDE1C1C607304007A8773 /* Base */ = {isa = PBXFileReference; lastKnownFileType = file.storyboard; name = Base; path = Base.lproj/Main.storyboard; sourceTree = "<group>"; };
		1FBFDE1E1C607304007A8773 /* Assets.xcassets */ = {isa = PBXFileReference; lastKnownFileType = folder.assetcatalog; path = Assets.xcassets; sourceTree = "<group>"; };
		1FBFDE211C607304007A8773 /* Base */ = {isa = PBXFileReference; lastKnownFileType = file.storyboard; name = Base; path = Base.lproj/LaunchScreen.storyboard; sourceTree = "<group>"; };
		1FBFDE231C607304007A8773 /* Info.plist */ = {isa = PBXFileReference; lastKnownFileType = text.plist.xml; path = Info.plist; sourceTree = "<group>"; };
		1FBFDE291C6074DD007A8773 /* sortednames.plist */ = {isa = PBXFileReference; fileEncoding = 4; lastKnownFileType = text.plist.xml; name = sortednames.plist; path = "../../../../../Downloads/Example Source Code/08 - Sections Data/sortednames.plist"; sourceTree = "<group>"; };
/* End PBXFileReference section */

/* Begin PBXFrameworksBuildPhase section */
		1FBFDE111C607303007A8773 /* Frameworks */ = {
			isa = PBXFrameworksBuildPhase;
			buildActionMask = 2147483647;
			files = (
			);
			runOnlyForDeploymentPostprocessing = 0;
		};
/* End PBXFrameworksBuildPhase section */

/* Begin PBXGroup section */
		1FBFDE0B1C607303007A8773 = {
			isa = PBXGroup;
			children = (
				1FBFDE161C607303007A8773 /* Sections */,
				1FBFDE151C607303007A8773 /* Products */,
			);
			sourceTree = "<group>";
		};
		1FBFDE151C607303007A8773 /* Products */ = {
			isa = PBXGroup;
			children = (
				1FBFDE141C607303007A8773 /* Sections.app */,
			);
			name = Products;
			sourceTree = "<group>";
		};
		1FBFDE161C607303007A8773 /* Sections */ = {
			isa = PBXGroup;
			children = (
				1FBFDE291C6074DD007A8773 /* sortednames.plist */,
				1FBFDE171C607303007A8773 /* AppDelegate.swift */,
				1FBFDE191C607303007A8773 /* ViewController.swift */,
				1FBFDE1B1C607304007A8773 /* Main.storyboard */,
				1FBFDE1E1C607304007A8773 /* Assets.xcassets */,
				1FBFDE201C607304007A8773 /* LaunchScreen.storyboard */,
				1FBFDE231C607304007A8773 /* Info.plist */,
			);
			path = Sections;
			sourceTree = "<group>";
		};
/* End PBXGroup section */

/* Begin PBXNativeTarget section */
		1FBFDE131C607303007A8773 /* Sections */ = {
			isa = PBXNativeTarget;
			buildConfigurationList = 1FBFDE261C607304007A8773 /* Build configuration list for PBXNativeTarget "Sections" */;
			buildPhases = (
				1FBFDE101C607303007A8773 /* Sources */,
				1FBFDE111C607303007A8773 /* Frameworks */,
				1FBFDE121C607303007A8773 /* Resources */,
			);
			buildRules = (
			);
			dependencies = (
			);
			name = Sections;
			productName = Sections;
			productReference = 1FBFDE141C607303007A8773 /* Sections.app */;
			productType = "com.apple.product-type.application";
		};
/* End PBXNativeTarget section */

/* Begin PBXProject section */
		1FBFDE0C1C607303007A8773 /* Project object */ = {
			isa = PBXProject;
			attributes = {
				LastUpgradeCheck = 0700;
				ORGANIZATIONNAME = Iransamaneh;
				TargetAttributes = {
					1FBFDE131C607303007A8773 = {
						CreatedOnToolsVersion = 7.0;
					};
				};
			};
			buildConfigurationList = 1FBFDE0F1C607303007A8773 /* Build configuration list for PBXProject "Sections" */;
			compatibilityVersion = "Xcode 3.2";
			developmentRegion = English;
			hasScannedForEncodings = 0;
			knownRegions = (
				en,
				Base,
			);
			mainGroup = 1FBFDE0B1C607303007A8773;
			productRefGroup = 1FBFDE151C607303007A8773 /* Products */;
			projectDirPath = "";
			projectRoot = "";
			targets = (
				1FBFDE131C607303007A8773 /* Sections */,
			);
		};
/* End PBXProject section */

/* Begin PBXResourcesBuildPhase section */
		1FBFDE121C607303007A8773 /* Resources */ = {
			isa = PBXResourcesBuildPhase;
			buildActionMask = 2147483647;
			files = (
				1FBFDE2A1C6074DD007A8773 /* sortednames.plist in Resources */,
				1FBFDE221C607304007A8773 /* LaunchScreen.storyboard in Resources */,
				1FBFDE1F1C607304007A8773 /* Assets.xcassets in Resources */,
				1FBFDE1D1C607304007A8773 /* Main.storyboard in Resources */,
			);
			runOnlyForDeploymentPostprocessing = 0;
		};
/* End PBXResourcesBuildPhase section */

/* Begin PBXSourcesBuildPhase section */
		1FBFDE101C607303007A8773 /* Sources */ = {
			isa = PBXSourcesBuildPhase;
			buildActionMask = 2147483647;
			files = (
				1FBFDE1A1C607303007A8773 /* ViewController.swift in Sources */,
				1FBFDE181C607303007A8773 /* AppDelegate.swift in Sources */,
			);
			runOnlyForDeploymentPostprocessing = 0;
		};
/* End PBXSourcesBuildPhase section */

/* Begin PBXVariantGroup section */
		1FBFDE1B1C607304007A8773 /* Main.storyboard */ = {
			isa = PBXVariantGroup;
			children = (
				1FBFDE1C1C607304007A8773 /* Base */,
			);
			name = Main.storyboard;
			sourceTree = "<group>";
		};
		1FBFDE201C607304007A8773 /* LaunchScreen.storyboard */ = {
			isa = PBXVariantGroup;
			children = (
				1FBFDE211C607304007A8773 /* Base */,
			);
			name = LaunchScreen.storyboard;
			sourceTree = "<group>";
		};
/* End PBXVariantGroup section */

/* Begin XCBuildConfiguration section */
		1FBFDE241C607304007A8773 /* Debug */ = {
			isa = XCBuildConfiguration;
			buildSettings = {
				ALWAYS_SEARCH_USER_PATHS = NO;
				CLANG_CXX_LANGUAGE_STANDARD = "gnu++0x";
				CLANG_CXX_LIBRARY = "libc++";
				CLANG_ENABLE_MODULES = YES;
				CLANG_ENABLE_OBJC_ARC = YES;
				CLANG_WARN_BOOL_CONVERSION = YES;
				CLANG_WARN_CONSTANT_CONVERSION = YES;
				CLANG_WARN_DIRECT_OBJC_ISA_USAGE = YES_ERROR;
				CLANG_WARN_EMPTY_BODY = YES;
				CLANG_WARN_ENUM_CONVERSION = YES;
				CLANG_WARN_INT_CONVERSION = YES;
				CLANG_WARN_OBJC_ROOT_CLASS = YES_ERROR;
				CLANG_WARN_UNREACHABLE_CODE = YES;
				CLANG_WARN__DUPLICATE_METHOD_MATCH = YES;
				"CODE_SIGN_IDENTITY[sdk=iphoneos*]" = "iPhone Developer";
				COPY_PHASE_STRIP = NO;
				DEBUG_INFORMATION_FORMAT = dwarf;
				ENABLE_STRICT_OBJC_MSGSEND = YES;
				ENABLE_TESTABILITY = YES;
				GCC_C_LANGUAGE_STANDARD = gnu99;
				GCC_DYNAMIC_NO_PIC = NO;
				GCC_NO_COMMON_BLOCKS = YES;
				GCC_OPTIMIZATION_LEVEL = 0;
				GCC_PREPROCESSOR_DEFINITIONS = (
					"DEBUG=1",
					"$(inherited)",
				);
				GCC_WARN_64_TO_32_BIT_CONVERSION = YES;
				GCC_WARN_ABOUT_RETURN_TYPE = YES_ERROR;
				GCC_WARN_UNDECLARED_SELECTOR = YES;
				GCC_WARN_UNINITIALIZED_AUTOS = YES_AGGRESSIVE;
				GCC_WARN_UNUSED_FUNCTION = YES;
				GCC_WARN_UNUSED_VARIABLE = YES;
				IPHONEOS_DEPLOYMENT_TARGET = 9.0;
				MTL_ENABLE_DEBUG_INFO = YES;
				ONLY_ACTIVE_ARCH = YES;
				SDKROOT = iphoneos;
				SWIFT_OPTIMIZATION_LEVEL = "-Onone";
				TARGETED_DEVICE_FAMILY = "1,2";
			};
			name = Debug;
		};
		1FBFDE251C607304007A8773 /* Release */ = {
			isa = XCBuildConfiguration;
			buildSettings = {
				ALWAYS_SEARCH_USER_PATHS = NO;
				CLANG_CXX_LANGUAGE_STANDARD = "gnu++0x";
				CLANG_CXX_LIBRARY = "libc++";
				CLANG_ENABLE_MODULES = YES;
				CLANG_ENABLE_OBJC_ARC = YES;
				CLANG_WARN_BOOL_CONVERSION = YES;
				CLANG_WARN_CONSTANT_CONVERSION = YES;
				CLANG_WARN_DIRECT_OBJC_ISA_USAGE = YES_ERROR;
				CLANG_WARN_EMPTY_BODY = YES;
				CLANG_WARN_ENUM_CONVERSION = YES;
				CLANG_WARN_INT_CONVERSION = YES;
				CLANG_WARN_OBJC_ROOT_CLASS = YES_ERROR;
				CLANG_WARN_UNREACHABLE_CODE = YES;
				CLANG_WARN__DUPLICATE_METHOD_MATCH = YES;
				"CODE_SIGN_IDENTITY[sdk=iphoneos*]" = "iPhone Developer";
				COPY_PHASE_STRIP = NO;
				DEBUG_INFORMATION_FORMAT = "dwarf-with-dsym";
				ENABLE_NS_ASSERTIONS = NO;
				ENABLE_STRICT_OBJC_MSGSEND = YES;
				GCC_C_LANGUAGE_STANDARD = gnu99;
				GCC_NO_COMMON_BLOCKS = YES;
				GCC_WARN_64_TO_32_BIT_CONVERSION = YES;
				GCC_WARN_ABOUT_RETURN_TYPE = YES_ERROR;
				GCC_WARN_UNDECLARED_SELECTOR = YES;
				GCC_WARN_UNINITIALIZED_AUTOS = YES_AGGRESSIVE;
				GCC_WARN_UNUSED_FUNCTION = YES;
				GCC_WARN_UNUSED_VARIABLE = YES;
				IPHONEOS_DEPLOYMENT_TARGET = 9.0;
				MTL_ENABLE_DEBUG_INFO = NO;
				SDKROOT = iphoneos;
				TARGETED_DEVICE_FAMILY = "1,2";
				VALIDATE_PRODUCT = YES;
			};
			name = Release;
		};
		1FBFDE271C607304007A8773 /* Debug */ = {
			isa = XCBuildConfiguration;
			buildSettings = {
				ASSETCATALOG_COMPILER_APPICON_NAME = AppIcon;
				INFOPLIST_FILE = Sections/Info.plist;
				LD_RUNPATH_SEARCH_PATHS = "$(inherited) @executable_path/Frameworks";
				PRODUCT_BUNDLE_IDENTIFIER = com.iransamaneh.Sections;
				PRODUCT_NAME = "$(TARGET_NAME)";
			};
			name = Debug;
		};
		1FBFDE281C607304007A8773 /* Release */ = {
			isa = XCBuildConfiguration;
			buildSettings = {
				ASSETCATALOG_COMPILER_APPICON_NAME = AppIcon;
				INFOPLIST_FILE = Sections/Info.plist;
				LD_RUNPATH_SEARCH_PATHS = "$(inherited) @executable_path/Frameworks";
				PRODUCT_BUNDLE_IDENTIFIER = com.iransamaneh.Sections;
				PRODUCT_NAME = "$(TARGET_NAME)";
			};
			name = Release;
		};
/* End XCBuildConfiguration section */

/* Begin XCConfigurationList section */
		1FBFDE0F1C607303007A8773 /* Build configuration list for PBXProject "Sections" */ = {
			isa = XCConfigurationList;
			buildConfigurations = (
				1FBFDE241C607304007A8773 /* Debug */,
				1FBFDE251C607304007A8773 /* Release */,
			);
			defaultConfigurationIsVisible = 0;
			defaultConfigurationName = Release;
		};
		1FBFDE261C607304007A8773 /* Build configuration list for PBXNativeTarget "Sections" */ = {
			isa = XCConfigurationList;
			buildConfigurations = (
				1FBFDE271C607304007A8773 /* Debug */,
				1FBFDE281C607304007A8773 /* Release */,
			);
			defaultConfigurationIsVisible = 0;
		};
/* End XCConfigurationList section */
	};
	rootObject = 1FBFDE0C1C607303007A8773 /* Project object */;
}
