// !$*UTF8*$!
{
	archiveVersion = 1;
	classes = {
	};
	objectVersion = 46;
	objects = {

/* Begin PBXBuildFile section */
		1F5664941C57A29400283447 /* AppDelegate.swift in Sources */ = {isa = PBXBuildFile; fileRef = 1F5664931C57A29400283447 /* AppDelegate.swift */; };
		1F5664961C57A29400283447 /* ViewController.swift in Sources */ = {isa = PBXBuildFile; fileRef = 1F5664951C57A29400283447 /* ViewController.swift */; };
		1F5664991C57A29400283447 /* Main.storyboard in Resources */ = {isa = PBXBuildFile; fileRef = 1F5664971C57A29400283447 /* Main.storyboard */; };
		1F56649B1C57A29400283447 /* Assets.xcassets in Resources */ = {isa = PBXBuildFile; fileRef = 1F56649A1C57A29400283447 /* Assets.xcassets */; };
		1F56649E1C57A29400283447 /* LaunchScreen.storyboard in Resources */ = {isa = PBXBuildFile; fileRef = 1F56649C1C57A29400283447 /* LaunchScreen.storyboard */; };
/* End PBXBuildFile section */

/* Begin PBXFileReference section */
		1F5664901C57A29400283447 /* Orientation.app */ = {isa = PBXFileReference; explicitFileType = wrapper.application; includeInIndex = 0; path = Orientation.app; sourceTree = BUILT_PRODUCTS_DIR; };
		1F5664931C57A29400283447 /* AppDelegate.swift */ = {isa = PBXFileReference; lastKnownFileType = sourcecode.swift; path = AppDelegate.swift; sourceTree = "<group>"; };
		1F5664951C57A29400283447 /* ViewController.swift */ = {isa = PBXFileReference; lastKnownFileType = sourcecode.swift; path = ViewController.swift; sourceTree = "<group>"; };
		1F5664981C57A29400283447 /* Base */ = {isa = PBXFileReference; lastKnownFileType = file.storyboard; name = Base; path = Base.lproj/Main.storyboard; sourceTree = "<group>"; };
		1F56649A1C57A29400283447 /* Assets.xcassets */ = {isa = PBXFileReference; lastKnownFileType = folder.assetcatalog; path = Assets.xcassets; sourceTree = "<group>"; };
		1F56649D1C57A29400283447 /* Base */ = {isa = PBXFileReference; lastKnownFileType = file.storyboard; name = Base; path = Base.lproj/LaunchScreen.storyboard; sourceTree = "<group>"; };
		1F56649F1C57A29400283447 /* Info.plist */ = {isa = PBXFileReference; lastKnownFileType = text.plist.xml; path = Info.plist; sourceTree = "<group>"; };
/* End PBXFileReference section */

/* Begin PBXFrameworksBuildPhase section */
		1F56648D1C57A29400283447 /* Frameworks */ = {
			isa = PBXFrameworksBuildPhase;
			buildActionMask = 2147483647;
			files = (
			);
			runOnlyForDeploymentPostprocessing = 0;
		};
/* End PBXFrameworksBuildPhase section */

/* Begin PBXGroup section */
		1F5664871C57A29400283447 = {
			isa = PBXGroup;
			children = (
				1F5664921C57A29400283447 /* Orientation */,
				1F5664911C57A29400283447 /* Products */,
			);
			sourceTree = "<group>";
		};
		1F5664911C57A29400283447 /* Products */ = {
			isa = PBXGroup;
			children = (
				1F5664901C57A29400283447 /* Orientation.app */,
			);
			name = Products;
			sourceTree = "<group>";
		};
		1F5664921C57A29400283447 /* Orientation */ = {
			isa = PBXGroup;
			children = (
				1F5664931C57A29400283447 /* AppDelegate.swift */,
				1F5664951C57A29400283447 /* ViewController.swift */,
				1F5664971C57A29400283447 /* Main.storyboard */,
				1F56649A1C57A29400283447 /* Assets.xcassets */,
				1F56649C1C57A29400283447 /* LaunchScreen.storyboard */,
				1F56649F1C57A29400283447 /* Info.plist */,
			);
			path = Orientation;
			sourceTree = "<group>";
		};
/* End PBXGroup section */

/* Begin PBXNativeTarget section */
		1F56648F1C57A29400283447 /* Orientation */ = {
			isa = PBXNativeTarget;
			buildConfigurationList = 1F5664A21C57A29400283447 /* Build configuration list for PBXNativeTarget "Orientation" */;
			buildPhases = (
				1F56648C1C57A29400283447 /* Sources */,
				1F56648D1C57A29400283447 /* Frameworks */,
				1F56648E1C57A29400283447 /* Resources */,
			);
			buildRules = (
			);
			dependencies = (
			);
			name = Orientation;
			productName = Orientation;
			productReference = 1F5664901C57A29400283447 /* Orientation.app */;
			productType = "com.apple.product-type.application";
		};
/* End PBXNativeTarget section */

/* Begin PBXProject section */
		1F5664881C57A29400283447 /* Project object */ = {
			isa = PBXProject;
			attributes = {
				LastUpgradeCheck = 0700;
				ORGANIZATIONNAME = Iransamaneh;
				TargetAttributes = {
					1F56648F1C57A29400283447 = {
						CreatedOnToolsVersion = 7.0;
					};
				};
			};
			buildConfigurationList = 1F56648B1C57A29400283447 /* Build configuration list for PBXProject "Orientation" */;
			compatibilityVersion = "Xcode 3.2";
			developmentRegion = English;
			hasScannedForEncodings = 0;
			knownRegions = (
				en,
				Base,
			);
			mainGroup = 1F5664871C57A29400283447;
			productRefGroup = 1F5664911C57A29400283447 /* Products */;
			projectDirPath = "";
			projectRoot = "";
			targets = (
				1F56648F1C57A29400283447 /* Orientation */,
			);
		};
/* End PBXProject section */

/* Begin PBXResourcesBuildPhase section */
		1F56648E1C57A29400283447 /* Resources */ = {
			isa = PBXResourcesBuildPhase;
			buildActionMask = 2147483647;
			files = (
				1F56649E1C57A29400283447 /* LaunchScreen.storyboard in Resources */,
				1F56649B1C57A29400283447 /* Assets.xcassets in Resources */,
				1F5664991C57A29400283447 /* Main.storyboard in Resources */,
			);
			runOnlyForDeploymentPostprocessing = 0;
		};
/* End PBXResourcesBuildPhase section */

/* Begin PBXSourcesBuildPhase section */
		1F56648C1C57A29400283447 /* Sources */ = {
			isa = PBXSourcesBuildPhase;
			buildActionMask = 2147483647;
			files = (
				1F5664961C57A29400283447 /* ViewController.swift in Sources */,
				1F5664941C57A29400283447 /* AppDelegate.swift in Sources */,
			);
			runOnlyForDeploymentPostprocessing = 0;
		};
/* End PBXSourcesBuildPhase section */

/* Begin PBXVariantGroup section */
		1F5664971C57A29400283447 /* Main.storyboard */ = {
			isa = PBXVariantGroup;
			children = (
				1F5664981C57A29400283447 /* Base */,
			);
			name = Main.storyboard;
			sourceTree = "<group>";
		};
		1F56649C1C57A29400283447 /* LaunchScreen.storyboard */ = {
			isa = PBXVariantGroup;
			children = (
				1F56649D1C57A29400283447 /* Base */,
			);
			name = LaunchScreen.storyboard;
			sourceTree = "<group>";
		};
/* End PBXVariantGroup section */

/* Begin XCBuildConfiguration section */
		1F5664A01C57A29400283447 /* Debug */ = {
			isa = XCBuildConfiguration;
			buildSettings = {
				ALWAYS_SEARCH_USER_PATHS = NO;
				CLANG_CXX_LANGUAGE_STANDARD = "gnu++0x";
				CLANG_CXX_LIBRARY = "libc++";
				CLANG_ENABLE_MODULES = YES;
				CLANG_ENABLE_OBJC_ARC = YES;
				CLANG_WARN_BOOL_CONVERSION = YES;
				CLANG_WARN_CONSTANT_CONVERSION = YES;
				CLANG_WARN_DIRECT_OBJC_ISA_USAGE = YES_ERROR;
				CLANG_WARN_EMPTY_BODY = YES;
				CLANG_WARN_ENUM_CONVERSION = YES;
				CLANG_WARN_INT_CONVERSION = YES;
				CLANG_WARN_OBJC_ROOT_CLASS = YES_ERROR;
				CLANG_WARN_UNREACHABLE_CODE = YES;
				CLANG_WARN__DUPLICATE_METHOD_MATCH = YES;
				"CODE_SIGN_IDENTITY[sdk=iphoneos*]" = "iPhone Developer";
				COPY_PHASE_STRIP = NO;
				DEBUG_INFORMATION_FORMAT = dwarf;
				ENABLE_STRICT_OBJC_MSGSEND = YES;
				ENABLE_TESTABILITY = YES;
				GCC_C_LANGUAGE_STANDARD = gnu99;
				GCC_DYNAMIC_NO_PIC = NO;
				GCC_NO_COMMON_BLOCKS = YES;
				GCC_OPTIMIZATION_LEVEL = 0;
				GCC_PREPROCESSOR_DEFINITIONS = (
					"DEBUG=1",
					"$(inherited)",
				);
				GCC_WARN_64_TO_32_BIT_CONVERSION = YES;
				GCC_WARN_ABOUT_RETURN_TYPE = YES_ERROR;
				GCC_WARN_UNDECLARED_SELECTOR = YES;
				GCC_WARN_UNINITIALIZED_AUTOS = YES_AGGRESSIVE;
				GCC_WARN_UNUSED_FUNCTION = YES;
				GCC_WARN_UNUSED_VARIABLE = YES;
				IPHONEOS_DEPLOYMENT_TARGET = 9.0;
				MTL_ENABLE_DEBUG_INFO = YES;
				ONLY_ACTIVE_ARCH = YES;
				SDKROOT = iphoneos;
				SWIFT_OPTIMIZATION_LEVEL = "-Onone";
				TARGETED_DEVICE_FAMILY = "1,2";
			};
			name = Debug;
		};
		1F5664A11C57A29400283447 /* Release */ = {
			isa = XCBuildConfiguration;
			buildSettings = {
				ALWAYS_SEARCH_USER_PATHS = NO;
				CLANG_CXX_LANGUAGE_STANDARD = "gnu++0x";
				CLANG_CXX_LIBRARY = "libc++";
				CLANG_ENABLE_MODULES = YES;
				CLANG_ENABLE_OBJC_ARC = YES;
				CLANG_WARN_BOOL_CONVERSION = YES;
				CLANG_WARN_CONSTANT_CONVERSION = YES;
				CLANG_WARN_DIRECT_OBJC_ISA_USAGE = YES_ERROR;
				CLANG_WARN_EMPTY_BODY = YES;
				CLANG_WARN_ENUM_CONVERSION = YES;
				CLANG_WARN_INT_CONVERSION = YES;
				CLANG_WARN_OBJC_ROOT_CLASS = YES_ERROR;
				CLANG_WARN_UNREACHABLE_CODE = YES;
				CLANG_WARN__DUPLICATE_METHOD_MATCH = YES;
				"CODE_SIGN_IDENTITY[sdk=iphoneos*]" = "iPhone Developer";
				COPY_PHASE_STRIP = NO;
				DEBUG_INFORMATION_FORMAT = "dwarf-with-dsym";
				ENABLE_NS_ASSERTIONS = NO;
				ENABLE_STRICT_OBJC_MSGSEND = YES;
				GCC_C_LANGUAGE_STANDARD = gnu99;
				GCC_NO_COMMON_BLOCKS = YES;
				GCC_WARN_64_TO_32_BIT_CONVERSION = YES;
				GCC_WARN_ABOUT_RETURN_TYPE = YES_ERROR;
				GCC_WARN_UNDECLARED_SELECTOR = YES;
				GCC_WARN_UNINITIALIZED_AUTOS = YES_AGGRESSIVE;
				GCC_WARN_UNUSED_FUNCTION = YES;
				GCC_WARN_UNUSED_VARIABLE = YES;
				IPHONEOS_DEPLOYMENT_TARGET = 9.0;
				MTL_ENABLE_DEBUG_INFO = NO;
				SDKROOT = iphoneos;
				TARGETED_DEVICE_FAMILY = "1,2";
				VALIDATE_PRODUCT = YES;
			};
			name = Release;
		};
		1F5664A31C57A29400283447 /* Debug */ = {
			isa = XCBuildConfiguration;
			buildSettings = {
				ASSETCATALOG_COMPILER_APPICON_NAME = AppIcon;
				INFOPLIST_FILE = Orientation/Info.plist;
				LD_RUNPATH_SEARCH_PATHS = "$(inherited) @executable_path/Frameworks";
				PRODUCT_BUNDLE_IDENTIFIER = com.iransamaneh.Orientation;
				PRODUCT_NAME = "$(TARGET_NAME)";
				TARGETED_DEVICE_FAMILY = "1,2";
			};
			name = Debug;
		};
		1F5664A41C57A29400283447 /* Release */ = {
			isa = XCBuildConfiguration;
			buildSettings = {
				ASSETCATALOG_COMPILER_APPICON_NAME = AppIcon;
				INFOPLIST_FILE = Orientation/Info.plist;
				LD_RUNPATH_SEARCH_PATHS = "$(inherited) @executable_path/Frameworks";
				PRODUCT_BUNDLE_IDENTIFIER = com.iransamaneh.Orientation;
				PRODUCT_NAME = "$(TARGET_NAME)";
				TARGETED_DEVICE_FAMILY = "1,2";
			};
			name = Release;
		};
/* End XCBuildConfiguration section */

/* Begin XCConfigurationList section */
		1F56648B1C57A29400283447 /* Build configuration list for PBXProject "Orientation" */ = {
			isa = XCConfigurationList;
			buildConfigurations = (
				1F5664A01C57A29400283447 /* Debug */,
				1F5664A11C57A29400283447 /* Release */,
			);
			defaultConfigurationIsVisible = 0;
			defaultConfigurationName = Release;
		};
		1F5664A21C57A29400283447 /* Build configuration list for PBXNativeTarget "Orientation" */ = {
			isa = XCConfigurationList;
			buildConfigurations = (
				1F5664A31C57A29400283447 /* Debug */,
				1F5664A41C57A29400283447 /* Release */,
			);
			defaultConfigurationIsVisible = 0;
		};
/* End XCConfigurationList section */
	};
	rootObject = 1F5664881C57A29400283447 /* Project object */;
}
