// !$*UTF8*$!
{
	archiveVersion = 1;
	classes = {
	};
	objectVersion = 46;
	objects = {

/* Begin PBXBuildFile section */
		1F3E185F1C5C8C81000BE30A /* AppDelegate.swift in Sources */ = {isa = PBXBuildFile; fileRef = 1F3E185E1C5C8C81000BE30A /* AppDelegate.swift */; };
		1F3E18611C5C8C81000BE30A /* ViewController.swift in Sources */ = {isa = PBXBuildFile; fileRef = 1F3E18601C5C8C81000BE30A /* ViewController.swift */; };
		1F3E18641C5C8C81000BE30A /* Main.storyboard in Resources */ = {isa = PBXBuildFile; fileRef = 1F3E18621C5C8C81000BE30A /* Main.storyboard */; };
		1F3E18661C5C8C81000BE30A /* Assets.xcassets in Resources */ = {isa = PBXBuildFile; fileRef = 1F3E18651C5C8C81000BE30A /* Assets.xcassets */; };
		1F3E18691C5C8C81000BE30A /* LaunchScreen.storyboard in Resources */ = {isa = PBXBuildFile; fileRef = 1F3E18671C5C8C81000BE30A /* LaunchScreen.storyboard */; };
		1F3E18711C5C8DFD000BE30A /* DatePickerViewController.swift in Sources */ = {isa = PBXBuildFile; fileRef = 1F3E18701C5C8DFD000BE30A /* DatePickerViewController.swift */; settings = {ASSET_TAGS = (); }; };
		1F3E18731C5C8E3E000BE30A /* SingleComponentPickerViewController.swift in Sources */ = {isa = PBXBuildFile; fileRef = 1F3E18721C5C8E3E000BE30A /* SingleComponentPickerViewController.swift */; settings = {ASSET_TAGS = (); }; };
		1F3E18751C5C8E56000BE30A /* DoubleComponentPickerViewController.swift in Sources */ = {isa = PBXBuildFile; fileRef = 1F3E18741C5C8E56000BE30A /* DoubleComponentPickerViewController.swift */; settings = {ASSET_TAGS = (); }; };
		1F3E18771C5C8E6D000BE30A /* DependentComponentPickerViewController.swift in Sources */ = {isa = PBXBuildFile; fileRef = 1F3E18761C5C8E6D000BE30A /* DependentComponentPickerViewController.swift */; settings = {ASSET_TAGS = (); }; };
		1F3E18791C5C8E88000BE30A /* CustomPickerViewController.swift in Sources */ = {isa = PBXBuildFile; fileRef = 1F3E18781C5C8E88000BE30A /* CustomPickerViewController.swift */; settings = {ASSET_TAGS = (); }; };
		E80A73621C5D452800C95EF9 /* statedictionary.plist in Resources */ = {isa = PBXBuildFile; fileRef = E80A73611C5D452800C95EF9 /* statedictionary.plist */; settings = {ASSET_TAGS = (); }; };
/* End PBXBuildFile section */

/* Begin PBXFileReference section */
		1F3E185B1C5C8C81000BE30A /* Pickers.app */ = {isa = PBXFileReference; explicitFileType = wrapper.application; includeInIndex = 0; path = Pickers.app; sourceTree = BUILT_PRODUCTS_DIR; };
		1F3E185E1C5C8C81000BE30A /* AppDelegate.swift */ = {isa = PBXFileReference; lastKnownFileType = sourcecode.swift; path = AppDelegate.swift; sourceTree = "<group>"; };
		1F3E18601C5C8C81000BE30A /* ViewController.swift */ = {isa = PBXFileReference; lastKnownFileType = sourcecode.swift; path = ViewController.swift; sourceTree = "<group>"; };
		1F3E18631C5C8C81000BE30A /* Base */ = {isa = PBXFileReference; lastKnownFileType = file.storyboard; name = Base; path = Base.lproj/Main.storyboard; sourceTree = "<group>"; };
		1F3E18651C5C8C81000BE30A /* Assets.xcassets */ = {isa = PBXFileReference; lastKnownFileType = folder.assetcatalog; path = Assets.xcassets; sourceTree = "<group>"; };
		1F3E18681C5C8C81000BE30A /* Base */ = {isa = PBXFileReference; lastKnownFileType = file.storyboard; name = Base; path = Base.lproj/LaunchScreen.storyboard; sourceTree = "<group>"; };
		1F3E186A1C5C8C81000BE30A /* Info.plist */ = {isa = PBXFileReference; lastKnownFileType = text.plist.xml; path = Info.plist; sourceTree = "<group>"; };
		1F3E18701C5C8DFD000BE30A /* DatePickerViewController.swift */ = {isa = PBXFileReference; fileEncoding = 4; lastKnownFileType = sourcecode.swift; path = DatePickerViewController.swift; sourceTree = "<group>"; };
		1F3E18721C5C8E3E000BE30A /* SingleComponentPickerViewController.swift */ = {isa = PBXFileReference; fileEncoding = 4; lastKnownFileType = sourcecode.swift; path = SingleComponentPickerViewController.swift; sourceTree = "<group>"; };
		1F3E18741C5C8E56000BE30A /* DoubleComponentPickerViewController.swift */ = {isa = PBXFileReference; fileEncoding = 4; lastKnownFileType = sourcecode.swift; path = DoubleComponentPickerViewController.swift; sourceTree = "<group>"; };
		1F3E18761C5C8E6D000BE30A /* DependentComponentPickerViewController.swift */ = {isa = PBXFileReference; fileEncoding = 4; lastKnownFileType = sourcecode.swift; path = DependentComponentPickerViewController.swift; sourceTree = "<group>"; };
		1F3E18781C5C8E88000BE30A /* CustomPickerViewController.swift */ = {isa = PBXFileReference; fileEncoding = 4; lastKnownFileType = sourcecode.swift; path = CustomPickerViewController.swift; sourceTree = "<group>"; };
		E80A73611C5D452800C95EF9 /* statedictionary.plist */ = {isa = PBXFileReference; fileEncoding = 4; lastKnownFileType = text.plist.xml; name = statedictionary.plist; path = "../../../../../Downloads/9781484204108/Examples/07 - Picker Data/statedictionary.plist"; sourceTree = "<group>"; };
/* End PBXFileReference section */

/* Begin PBXFrameworksBuildPhase section */
		1F3E18581C5C8C81000BE30A /* Frameworks */ = {
			isa = PBXFrameworksBuildPhase;
			buildActionMask = 2147483647;
			files = (
			);
			runOnlyForDeploymentPostprocessing = 0;
		};
/* End PBXFrameworksBuildPhase section */

/* Begin PBXGroup section */
		1F3E18521C5C8C81000BE30A = {
			isa = PBXGroup;
			children = (
				1F3E185D1C5C8C81000BE30A /* Pickers */,
				1F3E185C1C5C8C81000BE30A /* Products */,
			);
			sourceTree = "<group>";
		};
		1F3E185C1C5C8C81000BE30A /* Products */ = {
			isa = PBXGroup;
			children = (
				1F3E185B1C5C8C81000BE30A /* Pickers.app */,
			);
			name = Products;
			sourceTree = "<group>";
		};
		1F3E185D1C5C8C81000BE30A /* Pickers */ = {
			isa = PBXGroup;
			children = (
				E80A73611C5D452800C95EF9 /* statedictionary.plist */,
				1F3E185E1C5C8C81000BE30A /* AppDelegate.swift */,
				1F3E18601C5C8C81000BE30A /* ViewController.swift */,
				1F3E18621C5C8C81000BE30A /* Main.storyboard */,
				1F3E18651C5C8C81000BE30A /* Assets.xcassets */,
				1F3E18671C5C8C81000BE30A /* LaunchScreen.storyboard */,
				1F3E186A1C5C8C81000BE30A /* Info.plist */,
				1F3E18701C5C8DFD000BE30A /* DatePickerViewController.swift */,
				1F3E18721C5C8E3E000BE30A /* SingleComponentPickerViewController.swift */,
				1F3E18741C5C8E56000BE30A /* DoubleComponentPickerViewController.swift */,
				1F3E18761C5C8E6D000BE30A /* DependentComponentPickerViewController.swift */,
				1F3E18781C5C8E88000BE30A /* CustomPickerViewController.swift */,
			);
			path = Pickers;
			sourceTree = "<group>";
		};
/* End PBXGroup section */

/* Begin PBXNativeTarget section */
		1F3E185A1C5C8C81000BE30A /* Pickers */ = {
			isa = PBXNativeTarget;
			buildConfigurationList = 1F3E186D1C5C8C81000BE30A /* Build configuration list for PBXNativeTarget "Pickers" */;
			buildPhases = (
				1F3E18571C5C8C81000BE30A /* Sources */,
				1F3E18581C5C8C81000BE30A /* Frameworks */,
				1F3E18591C5C8C81000BE30A /* Resources */,
			);
			buildRules = (
			);
			dependencies = (
			);
			name = Pickers;
			productName = Pickers;
			productReference = 1F3E185B1C5C8C81000BE30A /* Pickers.app */;
			productType = "com.apple.product-type.application";
		};
/* End PBXNativeTarget section */

/* Begin PBXProject section */
		1F3E18531C5C8C81000BE30A /* Project object */ = {
			isa = PBXProject;
			attributes = {
				LastUpgradeCheck = 0700;
				ORGANIZATIONNAME = Iransamaneh;
				TargetAttributes = {
					1F3E185A1C5C8C81000BE30A = {
						CreatedOnToolsVersion = 7.0;
					};
				};
			};
			buildConfigurationList = 1F3E18561C5C8C81000BE30A /* Build configuration list for PBXProject "Pickers" */;
			compatibilityVersion = "Xcode 3.2";
			developmentRegion = English;
			hasScannedForEncodings = 0;
			knownRegions = (
				en,
				Base,
			);
			mainGroup = 1F3E18521C5C8C81000BE30A;
			productRefGroup = 1F3E185C1C5C8C81000BE30A /* Products */;
			projectDirPath = "";
			projectRoot = "";
			targets = (
				1F3E185A1C5C8C81000BE30A /* Pickers */,
			);
		};
/* End PBXProject section */

/* Begin PBXResourcesBuildPhase section */
		1F3E18591C5C8C81000BE30A /* Resources */ = {
			isa = PBXResourcesBuildPhase;
			buildActionMask = 2147483647;
			files = (
				1F3E18691C5C8C81000BE30A /* LaunchScreen.storyboard in Resources */,
				1F3E18661C5C8C81000BE30A /* Assets.xcassets in Resources */,
				E80A73621C5D452800C95EF9 /* statedictionary.plist in Resources */,
				1F3E18641C5C8C81000BE30A /* Main.storyboard in Resources */,
			);
			runOnlyForDeploymentPostprocessing = 0;
		};
/* End PBXResourcesBuildPhase section */

/* Begin PBXSourcesBuildPhase section */
		1F3E18571C5C8C81000BE30A /* Sources */ = {
			isa = PBXSourcesBuildPhase;
			buildActionMask = 2147483647;
			files = (
				1F3E18611C5C8C81000BE30A /* ViewController.swift in Sources */,
				1F3E185F1C5C8C81000BE30A /* AppDelegate.swift in Sources */,
				1F3E18771C5C8E6D000BE30A /* DependentComponentPickerViewController.swift in Sources */,
				1F3E18751C5C8E56000BE30A /* DoubleComponentPickerViewController.swift in Sources */,
				1F3E18791C5C8E88000BE30A /* CustomPickerViewController.swift in Sources */,
				1F3E18731C5C8E3E000BE30A /* SingleComponentPickerViewController.swift in Sources */,
				1F3E18711C5C8DFD000BE30A /* DatePickerViewController.swift in Sources */,
			);
			runOnlyForDeploymentPostprocessing = 0;
		};
/* End PBXSourcesBuildPhase section */

/* Begin PBXVariantGroup section */
		1F3E18621C5C8C81000BE30A /* Main.storyboard */ = {
			isa = PBXVariantGroup;
			children = (
				1F3E18631C5C8C81000BE30A /* Base */,
			);
			name = Main.storyboard;
			sourceTree = "<group>";
		};
		1F3E18671C5C8C81000BE30A /* LaunchScreen.storyboard */ = {
			isa = PBXVariantGroup;
			children = (
				1F3E18681C5C8C81000BE30A /* Base */,
			);
			name = LaunchScreen.storyboard;
			sourceTree = "<group>";
		};
/* End PBXVariantGroup section */

/* Begin XCBuildConfiguration section */
		1F3E186B1C5C8C81000BE30A /* Debug */ = {
			isa = XCBuildConfiguration;
			buildSettings = {
				ALWAYS_SEARCH_USER_PATHS = NO;
				CLANG_CXX_LANGUAGE_STANDARD = "gnu++0x";
				CLANG_CXX_LIBRARY = "libc++";
				CLANG_ENABLE_MODULES = YES;
				CLANG_ENABLE_OBJC_ARC = YES;
				CLANG_WARN_BOOL_CONVERSION = YES;
				CLANG_WARN_CONSTANT_CONVERSION = YES;
				CLANG_WARN_DIRECT_OBJC_ISA_USAGE = YES_ERROR;
				CLANG_WARN_EMPTY_BODY = YES;
				CLANG_WARN_ENUM_CONVERSION = YES;
				CLANG_WARN_INT_CONVERSION = YES;
				CLANG_WARN_OBJC_ROOT_CLASS = YES_ERROR;
				CLANG_WARN_UNREACHABLE_CODE = YES;
				CLANG_WARN__DUPLICATE_METHOD_MATCH = YES;
				"CODE_SIGN_IDENTITY[sdk=iphoneos*]" = "iPhone Developer";
				COPY_PHASE_STRIP = NO;
				DEBUG_INFORMATION_FORMAT = dwarf;
				ENABLE_STRICT_OBJC_MSGSEND = YES;
				ENABLE_TESTABILITY = YES;
				GCC_C_LANGUAGE_STANDARD = gnu99;
				GCC_DYNAMIC_NO_PIC = NO;
				GCC_NO_COMMON_BLOCKS = YES;
				GCC_OPTIMIZATION_LEVEL = 0;
				GCC_PREPROCESSOR_DEFINITIONS = (
					"DEBUG=1",
					"$(inherited)",
				);
				GCC_WARN_64_TO_32_BIT_CONVERSION = YES;
				GCC_WARN_ABOUT_RETURN_TYPE = YES_ERROR;
				GCC_WARN_UNDECLARED_SELECTOR = YES;
				GCC_WARN_UNINITIALIZED_AUTOS = YES_AGGRESSIVE;
				GCC_WARN_UNUSED_FUNCTION = YES;
				GCC_WARN_UNUSED_VARIABLE = YES;
				IPHONEOS_DEPLOYMENT_TARGET = 9.0;
				MTL_ENABLE_DEBUG_INFO = YES;
				ONLY_ACTIVE_ARCH = YES;
				SDKROOT = iphoneos;
				SWIFT_OPTIMIZATION_LEVEL = "-Onone";
				TARGETED_DEVICE_FAMILY = "1,2";
			};
			name = Debug;
		};
		1F3E186C1C5C8C81000BE30A /* Release */ = {
			isa = XCBuildConfiguration;
			buildSettings = {
				ALWAYS_SEARCH_USER_PATHS = NO;
				CLANG_CXX_LANGUAGE_STANDARD = "gnu++0x";
				CLANG_CXX_LIBRARY = "libc++";
				CLANG_ENABLE_MODULES = YES;
				CLANG_ENABLE_OBJC_ARC = YES;
				CLANG_WARN_BOOL_CONVERSION = YES;
				CLANG_WARN_CONSTANT_CONVERSION = YES;
				CLANG_WARN_DIRECT_OBJC_ISA_USAGE = YES_ERROR;
				CLANG_WARN_EMPTY_BODY = YES;
				CLANG_WARN_ENUM_CONVERSION = YES;
				CLANG_WARN_INT_CONVERSION = YES;
				CLANG_WARN_OBJC_ROOT_CLASS = YES_ERROR;
				CLANG_WARN_UNREACHABLE_CODE = YES;
				CLANG_WARN__DUPLICATE_METHOD_MATCH = YES;
				"CODE_SIGN_IDENTITY[sdk=iphoneos*]" = "iPhone Developer";
				COPY_PHASE_STRIP = NO;
				DEBUG_INFORMATION_FORMAT = "dwarf-with-dsym";
				ENABLE_NS_ASSERTIONS = NO;
				ENABLE_STRICT_OBJC_MSGSEND = YES;
				GCC_C_LANGUAGE_STANDARD = gnu99;
				GCC_NO_COMMON_BLOCKS = YES;
				GCC_WARN_64_TO_32_BIT_CONVERSION = YES;
				GCC_WARN_ABOUT_RETURN_TYPE = YES_ERROR;
				GCC_WARN_UNDECLARED_SELECTOR = YES;
				GCC_WARN_UNINITIALIZED_AUTOS = YES_AGGRESSIVE;
				GCC_WARN_UNUSED_FUNCTION = YES;
				GCC_WARN_UNUSED_VARIABLE = YES;
				IPHONEOS_DEPLOYMENT_TARGET = 9.0;
				MTL_ENABLE_DEBUG_INFO = NO;
				SDKROOT = iphoneos;
				TARGETED_DEVICE_FAMILY = "1,2";
				VALIDATE_PRODUCT = YES;
			};
			name = Release;
		};
		1F3E186E1C5C8C81000BE30A /* Debug */ = {
			isa = XCBuildConfiguration;
			buildSettings = {
				ASSETCATALOG_COMPILER_APPICON_NAME = AppIcon;
				INFOPLIST_FILE = Pickers/Info.plist;
				LD_RUNPATH_SEARCH_PATHS = "$(inherited) @executable_path/Frameworks";
				PRODUCT_BUNDLE_IDENTIFIER = com.iransamaneh.Pickers;
				PRODUCT_NAME = "$(TARGET_NAME)";
			};
			name = Debug;
		};
		1F3E186F1C5C8C81000BE30A /* Release */ = {
			isa = XCBuildConfiguration;
			buildSettings = {
				ASSETCATALOG_COMPILER_APPICON_NAME = AppIcon;
				INFOPLIST_FILE = Pickers/Info.plist;
				LD_RUNPATH_SEARCH_PATHS = "$(inherited) @executable_path/Frameworks";
				PRODUCT_BUNDLE_IDENTIFIER = com.iransamaneh.Pickers;
				PRODUCT_NAME = "$(TARGET_NAME)";
			};
			name = Release;
		};
/* End XCBuildConfiguration section */

/* Begin XCConfigurationList section */
		1F3E18561C5C8C81000BE30A /* Build configuration list for PBXProject "Pickers" */ = {
			isa = XCConfigurationList;
			buildConfigurations = (
				1F3E186B1C5C8C81000BE30A /* Debug */,
				1F3E186C1C5C8C81000BE30A /* Release */,
			);
			defaultConfigurationIsVisible = 0;
			defaultConfigurationName = Release;
		};
		1F3E186D1C5C8C81000BE30A /* Build configuration list for PBXNativeTarget "Pickers" */ = {
			isa = XCConfigurationList;
			buildConfigurations = (
				1F3E186E1C5C8C81000BE30A /* Debug */,
				1F3E186F1C5C8C81000BE30A /* Release */,
			);
			defaultConfigurationIsVisible = 0;
			defaultConfigurationName = Release;
		};
/* End XCConfigurationList section */
	};
	rootObject = 1F3E18531C5C8C81000BE30A /* Project object */;
}
