// !$*UTF8*$!
{
	archiveVersion = 1;
	classes = {
	};
	objectVersion = 46;
	objects = {

/* Begin PBXBuildFile section */
		1FE1257D1C4CFC2200A0B5BC /* AppDelegate.swift in Sources */ = {isa = PBXBuildFile; fileRef = 1FE1257C1C4CFC2200A0B5BC /* AppDelegate.swift */; };
		1FE1257F1C4CFC2200A0B5BC /* ViewController.swift in Sources */ = {isa = PBXBuildFile; fileRef = 1FE1257E1C4CFC2200A0B5BC /* ViewController.swift */; };
		1FE125821C4CFC2200A0B5BC /* Main.storyboard in Resources */ = {isa = PBXBuildFile; fileRef = 1FE125801C4CFC2200A0B5BC /* Main.storyboard */; };
		1FE125841C4CFC2200A0B5BC /* Assets.xcassets in Resources */ = {isa = PBXBuildFile; fileRef = 1FE125831C4CFC2200A0B5BC /* Assets.xcassets */; };
		1FE125871C4CFC2200A0B5BC /* LaunchScreen.storyboard in Resources */ = {isa = PBXBuildFile; fileRef = 1FE125851C4CFC2200A0B5BC /* LaunchScreen.storyboard */; };
/* End PBXBuildFile section */

/* Begin PBXFileReference section */
		1FE125791C4CFC2200A0B5BC /* Control fun.app */ = {isa = PBXFileReference; explicitFileType = wrapper.application; includeInIndex = 0; path = "Control fun.app"; sourceTree = BUILT_PRODUCTS_DIR; };
		1FE1257C1C4CFC2200A0B5BC /* AppDelegate.swift */ = {isa = PBXFileReference; lastKnownFileType = sourcecode.swift; path = AppDelegate.swift; sourceTree = "<group>"; };
		1FE1257E1C4CFC2200A0B5BC /* ViewController.swift */ = {isa = PBXFileReference; lastKnownFileType = sourcecode.swift; path = ViewController.swift; sourceTree = "<group>"; };
		1FE125811C4CFC2200A0B5BC /* Base */ = {isa = PBXFileReference; lastKnownFileType = file.storyboard; name = Base; path = Base.lproj/Main.storyboard; sourceTree = "<group>"; };
		1FE125831C4CFC2200A0B5BC /* Assets.xcassets */ = {isa = PBXFileReference; lastKnownFileType = folder.assetcatalog; path = Assets.xcassets; sourceTree = "<group>"; };
		1FE125861C4CFC2200A0B5BC /* Base */ = {isa = PBXFileReference; lastKnownFileType = file.storyboard; name = Base; path = Base.lproj/LaunchScreen.storyboard; sourceTree = "<group>"; };
		1FE125881C4CFC2200A0B5BC /* Info.plist */ = {isa = PBXFileReference; lastKnownFileType = text.plist.xml; path = Info.plist; sourceTree = "<group>"; };
/* End PBXFileReference section */

/* Begin PBXFrameworksBuildPhase section */
		1FE125761C4CFC2200A0B5BC /* Frameworks */ = {
			isa = PBXFrameworksBuildPhase;
			buildActionMask = 2147483647;
			files = (
			);
			runOnlyForDeploymentPostprocessing = 0;
		};
/* End PBXFrameworksBuildPhase section */

/* Begin PBXGroup section */
		1FE125701C4CFC2200A0B5BC = {
			isa = PBXGroup;
			children = (
				1FE1257B1C4CFC2200A0B5BC /* Control fun */,
				1FE1257A1C4CFC2200A0B5BC /* Products */,
			);
			sourceTree = "<group>";
		};
		1FE1257A1C4CFC2200A0B5BC /* Products */ = {
			isa = PBXGroup;
			children = (
				1FE125791C4CFC2200A0B5BC /* Control fun.app */,
			);
			name = Products;
			sourceTree = "<group>";
		};
		1FE1257B1C4CFC2200A0B5BC /* Control fun */ = {
			isa = PBXGroup;
			children = (
				1FE1257C1C4CFC2200A0B5BC /* AppDelegate.swift */,
				1FE1257E1C4CFC2200A0B5BC /* ViewController.swift */,
				1FE125801C4CFC2200A0B5BC /* Main.storyboard */,
				1FE125831C4CFC2200A0B5BC /* Assets.xcassets */,
				1FE125851C4CFC2200A0B5BC /* LaunchScreen.storyboard */,
				1FE125881C4CFC2200A0B5BC /* Info.plist */,
			);
			path = "Control fun";
			sourceTree = "<group>";
		};
/* End PBXGroup section */

/* Begin PBXNativeTarget section */
		1FE125781C4CFC2200A0B5BC /* Control fun */ = {
			isa = PBXNativeTarget;
			buildConfigurationList = 1FE1258B1C4CFC2200A0B5BC /* Build configuration list for PBXNativeTarget "Control fun" */;
			buildPhases = (
				1FE125751C4CFC2200A0B5BC /* Sources */,
				1FE125761C4CFC2200A0B5BC /* Frameworks */,
				1FE125771C4CFC2200A0B5BC /* Resources */,
			);
			buildRules = (
			);
			dependencies = (
			);
			name = "Control fun";
			productName = "Control fun";
			productReference = 1FE125791C4CFC2200A0B5BC /* Control fun.app */;
			productType = "com.apple.product-type.application";
		};
/* End PBXNativeTarget section */

/* Begin PBXProject section */
		1FE125711C4CFC2200A0B5BC /* Project object */ = {
			isa = PBXProject;
			attributes = {
				LastUpgradeCheck = 0700;
				ORGANIZATIONNAME = Iransamaneh;
				TargetAttributes = {
					1FE125781C4CFC2200A0B5BC = {
						CreatedOnToolsVersion = 7.0;
					};
				};
			};
			buildConfigurationList = 1FE125741C4CFC2200A0B5BC /* Build configuration list for PBXProject "Control fun" */;
			compatibilityVersion = "Xcode 3.2";
			developmentRegion = English;
			hasScannedForEncodings = 0;
			knownRegions = (
				en,
				Base,
			);
			mainGroup = 1FE125701C4CFC2200A0B5BC;
			productRefGroup = 1FE1257A1C4CFC2200A0B5BC /* Products */;
			projectDirPath = "";
			projectRoot = "";
			targets = (
				1FE125781C4CFC2200A0B5BC /* Control fun */,
			);
		};
/* End PBXProject section */

/* Begin PBXResourcesBuildPhase section */
		1FE125771C4CFC2200A0B5BC /* Resources */ = {
			isa = PBXResourcesBuildPhase;
			buildActionMask = 2147483647;
			files = (
				1FE125871C4CFC2200A0B5BC /* LaunchScreen.storyboard in Resources */,
				1FE125841C4CFC2200A0B5BC /* Assets.xcassets in Resources */,
				1FE125821C4CFC2200A0B5BC /* Main.storyboard in Resources */,
			);
			runOnlyForDeploymentPostprocessing = 0;
		};
/* End PBXResourcesBuildPhase section */

/* Begin PBXSourcesBuildPhase section */
		1FE125751C4CFC2200A0B5BC /* Sources */ = {
			isa = PBXSourcesBuildPhase;
			buildActionMask = 2147483647;
			files = (
				1FE1257F1C4CFC2200A0B5BC /* ViewController.swift in Sources */,
				1FE1257D1C4CFC2200A0B5BC /* AppDelegate.swift in Sources */,
			);
			runOnlyForDeploymentPostprocessing = 0;
		};
/* End PBXSourcesBuildPhase section */

/* Begin PBXVariantGroup section */
		1FE125801C4CFC2200A0B5BC /* Main.storyboard */ = {
			isa = PBXVariantGroup;
			children = (
				1FE125811C4CFC2200A0B5BC /* Base */,
			);
			name = Main.storyboard;
			sourceTree = "<group>";
		};
		1FE125851C4CFC2200A0B5BC /* LaunchScreen.storyboard */ = {
			isa = PBXVariantGroup;
			children = (
				1FE125861C4CFC2200A0B5BC /* Base */,
			);
			name = LaunchScreen.storyboard;
			sourceTree = "<group>";
		};
/* End PBXVariantGroup section */

/* Begin XCBuildConfiguration section */
		1FE125891C4CFC2200A0B5BC /* Debug */ = {
			isa = XCBuildConfiguration;
			buildSettings = {
				ALWAYS_SEARCH_USER_PATHS = NO;
				CLANG_CXX_LANGUAGE_STANDARD = "gnu++0x";
				CLANG_CXX_LIBRARY = "libc++";
				CLANG_ENABLE_MODULES = YES;
				CLANG_ENABLE_OBJC_ARC = YES;
				CLANG_WARN_BOOL_CONVERSION = YES;
				CLANG_WARN_CONSTANT_CONVERSION = YES;
				CLANG_WARN_DIRECT_OBJC_ISA_USAGE = YES_ERROR;
				CLANG_WARN_EMPTY_BODY = YES;
				CLANG_WARN_ENUM_CONVERSION = YES;
				CLANG_WARN_INT_CONVERSION = YES;
				CLANG_WARN_OBJC_ROOT_CLASS = YES_ERROR;
				CLANG_WARN_UNREACHABLE_CODE = YES;
				CLANG_WARN__DUPLICATE_METHOD_MATCH = YES;
				"CODE_SIGN_IDENTITY[sdk=iphoneos*]" = "iPhone Developer";
				COPY_PHASE_STRIP = NO;
				DEBUG_INFORMATION_FORMAT = dwarf;
				ENABLE_STRICT_OBJC_MSGSEND = YES;
				ENABLE_TESTABILITY = YES;
				GCC_C_LANGUAGE_STANDARD = gnu99;
				GCC_DYNAMIC_NO_PIC = NO;
				GCC_NO_COMMON_BLOCKS = YES;
				GCC_OPTIMIZATION_LEVEL = 0;
				GCC_PREPROCESSOR_DEFINITIONS = (
					"DEBUG=1",
					"$(inherited)",
				);
				GCC_WARN_64_TO_32_BIT_CONVERSION = YES;
				GCC_WARN_ABOUT_RETURN_TYPE = YES_ERROR;
				GCC_WARN_UNDECLARED_SELECTOR = YES;
				GCC_WARN_UNINITIALIZED_AUTOS = YES_AGGRESSIVE;
				GCC_WARN_UNUSED_FUNCTION = YES;
				GCC_WARN_UNUSED_VARIABLE = YES;
				IPHONEOS_DEPLOYMENT_TARGET = 9.0;
				MTL_ENABLE_DEBUG_INFO = YES;
				ONLY_ACTIVE_ARCH = YES;
				SDKROOT = iphoneos;
				SWIFT_OPTIMIZATION_LEVEL = "-Onone";
				TARGETED_DEVICE_FAMILY = "1,2";
			};
			name = Debug;
		};
		1FE1258A1C4CFC2200A0B5BC /* Release */ = {
			isa = XCBuildConfiguration;
			buildSettings = {
				ALWAYS_SEARCH_USER_PATHS = NO;
				CLANG_CXX_LANGUAGE_STANDARD = "gnu++0x";
				CLANG_CXX_LIBRARY = "libc++";
				CLANG_ENABLE_MODULES = YES;
				CLANG_ENABLE_OBJC_ARC = YES;
				CLANG_WARN_BOOL_CONVERSION = YES;
				CLANG_WARN_CONSTANT_CONVERSION = YES;
				CLANG_WARN_DIRECT_OBJC_ISA_USAGE = YES_ERROR;
				CLANG_WARN_EMPTY_BODY = YES;
				CLANG_WARN_ENUM_CONVERSION = YES;
				CLANG_WARN_INT_CONVERSION = YES;
				CLANG_WARN_OBJC_ROOT_CLASS = YES_ERROR;
				CLANG_WARN_UNREACHABLE_CODE = YES;
				CLANG_WARN__DUPLICATE_METHOD_MATCH = YES;
				"CODE_SIGN_IDENTITY[sdk=iphoneos*]" = "iPhone Developer";
				COPY_PHASE_STRIP = NO;
				DEBUG_INFORMATION_FORMAT = "dwarf-with-dsym";
				ENABLE_NS_ASSERTIONS = NO;
				ENABLE_STRICT_OBJC_MSGSEND = YES;
				GCC_C_LANGUAGE_STANDARD = gnu99;
				GCC_NO_COMMON_BLOCKS = YES;
				GCC_WARN_64_TO_32_BIT_CONVERSION = YES;
				GCC_WARN_ABOUT_RETURN_TYPE = YES_ERROR;
				GCC_WARN_UNDECLARED_SELECTOR = YES;
				GCC_WARN_UNINITIALIZED_AUTOS = YES_AGGRESSIVE;
				GCC_WARN_UNUSED_FUNCTION = YES;
				GCC_WARN_UNUSED_VARIABLE = YES;
				IPHONEOS_DEPLOYMENT_TARGET = 9.0;
				MTL_ENABLE_DEBUG_INFO = NO;
				SDKROOT = iphoneos;
				TARGETED_DEVICE_FAMILY = "1,2";
				VALIDATE_PRODUCT = YES;
			};
			name = Release;
		};
		1FE1258C1C4CFC2200A0B5BC /* Debug */ = {
			isa = XCBuildConfiguration;
			buildSettings = {
				ASSETCATALOG_COMPILER_APPICON_NAME = AppIcon;
				INFOPLIST_FILE = "Control fun/Info.plist";
				LD_RUNPATH_SEARCH_PATHS = "$(inherited) @executable_path/Frameworks";
				PRODUCT_BUNDLE_IDENTIFIER = "com.iransamaneh.Control-fun";
				PRODUCT_NAME = "$(TARGET_NAME)";
			};
			name = Debug;
		};
		1FE1258D1C4CFC2200A0B5BC /* Release */ = {
			isa = XCBuildConfiguration;
			buildSettings = {
				ASSETCATALOG_COMPILER_APPICON_NAME = AppIcon;
				INFOPLIST_FILE = "Control fun/Info.plist";
				LD_RUNPATH_SEARCH_PATHS = "$(inherited) @executable_path/Frameworks";
				PRODUCT_BUNDLE_IDENTIFIER = "com.iransamaneh.Control-fun";
				PRODUCT_NAME = "$(TARGET_NAME)";
			};
			name = Release;
		};
/* End XCBuildConfiguration section */

/* Begin XCConfigurationList section */
		1FE125741C4CFC2200A0B5BC /* Build configuration list for PBXProject "Control fun" */ = {
			isa = XCConfigurationList;
			buildConfigurations = (
				1FE125891C4CFC2200A0B5BC /* Debug */,
				1FE1258A1C4CFC2200A0B5BC /* Release */,
			);
			defaultConfigurationIsVisible = 0;
			defaultConfigurationName = Release;
		};
		1FE1258B1C4CFC2200A0B5BC /* Build configuration list for PBXNativeTarget "Control fun" */ = {
			isa = XCConfigurationList;
			buildConfigurations = (
				1FE1258C1C4CFC2200A0B5BC /* Debug */,
				1FE1258D1C4CFC2200A0B5BC /* Release */,
			);
			defaultConfigurationIsVisible = 0;
		};
/* End XCConfigurationList section */
	};
	rootObject = 1FE125711C4CFC2200A0B5BC /* Project object */;
}
