// !$*UTF8*$!
{
	archiveVersion = 1;
	classes = {
	};
	objectVersion = 46;
	objects = {

/* Begin PBXBuildFile section */
		1F5418A31C68818500213D13 /* AppDelegate.swift in Sources */ = {isa = PBXBuildFile; fileRef = 1F5418A21C68818500213D13 /* AppDelegate.swift */; };
		1F5418A51C68818500213D13 /* ViewController.swift in Sources */ = {isa = PBXBuildFile; fileRef = 1F5418A41C68818500213D13 /* ViewController.swift */; };
		1F5418A81C68818500213D13 /* Main.storyboard in Resources */ = {isa = PBXBuildFile; fileRef = 1F5418A61C68818500213D13 /* Main.storyboard */; };
		1F5418AA1C68818500213D13 /* Assets.xcassets in Resources */ = {isa = PBXBuildFile; fileRef = 1F5418A91C68818500213D13 /* Assets.xcassets */; };
		1F5418AD1C68818500213D13 /* LaunchScreen.storyboard in Resources */ = {isa = PBXBuildFile; fileRef = 1F5418AB1C68818500213D13 /* LaunchScreen.storyboard */; };
/* End PBXBuildFile section */

/* Begin PBXFileReference section */
		1F54189F1C68818500213D13 /* StackViews.app */ = {isa = PBXFileReference; explicitFileType = wrapper.application; includeInIndex = 0; path = StackViews.app; sourceTree = BUILT_PRODUCTS_DIR; };
		1F5418A21C68818500213D13 /* AppDelegate.swift */ = {isa = PBXFileReference; lastKnownFileType = sourcecode.swift; path = AppDelegate.swift; sourceTree = "<group>"; };
		1F5418A41C68818500213D13 /* ViewController.swift */ = {isa = PBXFileReference; lastKnownFileType = sourcecode.swift; path = ViewController.swift; sourceTree = "<group>"; };
		1F5418A71C68818500213D13 /* Base */ = {isa = PBXFileReference; lastKnownFileType = file.storyboard; name = Base; path = Base.lproj/Main.storyboard; sourceTree = "<group>"; };
		1F5418A91C68818500213D13 /* Assets.xcassets */ = {isa = PBXFileReference; lastKnownFileType = folder.assetcatalog; path = Assets.xcassets; sourceTree = "<group>"; };
		1F5418AC1C68818500213D13 /* Base */ = {isa = PBXFileReference; lastKnownFileType = file.storyboard; name = Base; path = Base.lproj/LaunchScreen.storyboard; sourceTree = "<group>"; };
		1F5418AE1C68818500213D13 /* Info.plist */ = {isa = PBXFileReference; lastKnownFileType = text.plist.xml; path = Info.plist; sourceTree = "<group>"; };
/* End PBXFileReference section */

/* Begin PBXFrameworksBuildPhase section */
		1F54189C1C68818500213D13 /* Frameworks */ = {
			isa = PBXFrameworksBuildPhase;
			buildActionMask = 2147483647;
			files = (
			);
			runOnlyForDeploymentPostprocessing = 0;
		};
/* End PBXFrameworksBuildPhase section */

/* Begin PBXGroup section */
		1F5418961C68818500213D13 = {
			isa = PBXGroup;
			children = (
				1F5418A11C68818500213D13 /* StackViews */,
				1F5418A01C68818500213D13 /* Products */,
			);
			sourceTree = "<group>";
		};
		1F5418A01C68818500213D13 /* Products */ = {
			isa = PBXGroup;
			children = (
				1F54189F1C68818500213D13 /* StackViews.app */,
			);
			name = Products;
			sourceTree = "<group>";
		};
		1F5418A11C68818500213D13 /* StackViews */ = {
			isa = PBXGroup;
			children = (
				1F5418A21C68818500213D13 /* AppDelegate.swift */,
				1F5418A41C68818500213D13 /* ViewController.swift */,
				1F5418A61C68818500213D13 /* Main.storyboard */,
				1F5418A91C68818500213D13 /* Assets.xcassets */,
				1F5418AB1C68818500213D13 /* LaunchScreen.storyboard */,
				1F5418AE1C68818500213D13 /* Info.plist */,
			);
			path = StackViews;
			sourceTree = "<group>";
		};
/* End PBXGroup section */

/* Begin PBXNativeTarget section */
		1F54189E1C68818500213D13 /* StackViews */ = {
			isa = PBXNativeTarget;
			buildConfigurationList = 1F5418B11C68818500213D13 /* Build configuration list for PBXNativeTarget "StackViews" */;
			buildPhases = (
				1F54189B1C68818500213D13 /* Sources */,
				1F54189C1C68818500213D13 /* Frameworks */,
				1F54189D1C68818500213D13 /* Resources */,
			);
			buildRules = (
			);
			dependencies = (
			);
			name = StackViews;
			productName = StackViews;
			productReference = 1F54189F1C68818500213D13 /* StackViews.app */;
			productType = "com.apple.product-type.application";
		};
/* End PBXNativeTarget section */

/* Begin PBXProject section */
		1F5418971C68818500213D13 /* Project object */ = {
			isa = PBXProject;
			attributes = {
				LastUpgradeCheck = 0700;
				ORGANIZATIONNAME = Iransamaneh;
				TargetAttributes = {
					1F54189E1C68818500213D13 = {
						CreatedOnToolsVersion = 7.0;
					};
				};
			};
			buildConfigurationList = 1F54189A1C68818500213D13 /* Build configuration list for PBXProject "StackViews" */;
			compatibilityVersion = "Xcode 3.2";
			developmentRegion = English;
			hasScannedForEncodings = 0;
			knownRegions = (
				en,
				Base,
			);
			mainGroup = 1F5418961C68818500213D13;
			productRefGroup = 1F5418A01C68818500213D13 /* Products */;
			projectDirPath = "";
			projectRoot = "";
			targets = (
				1F54189E1C68818500213D13 /* StackViews */,
			);
		};
/* End PBXProject section */

/* Begin PBXResourcesBuildPhase section */
		1F54189D1C68818500213D13 /* Resources */ = {
			isa = PBXResourcesBuildPhase;
			buildActionMask = 2147483647;
			files = (
				1F5418AD1C68818500213D13 /* LaunchScreen.storyboard in Resources */,
				1F5418AA1C68818500213D13 /* Assets.xcassets in Resources */,
				1F5418A81C68818500213D13 /* Main.storyboard in Resources */,
			);
			runOnlyForDeploymentPostprocessing = 0;
		};
/* End PBXResourcesBuildPhase section */

/* Begin PBXSourcesBuildPhase section */
		1F54189B1C68818500213D13 /* Sources */ = {
			isa = PBXSourcesBuildPhase;
			buildActionMask = 2147483647;
			files = (
				1F5418A51C68818500213D13 /* ViewController.swift in Sources */,
				1F5418A31C68818500213D13 /* AppDelegate.swift in Sources */,
			);
			runOnlyForDeploymentPostprocessing = 0;
		};
/* End PBXSourcesBuildPhase section */

/* Begin PBXVariantGroup section */
		1F5418A61C68818500213D13 /* Main.storyboard */ = {
			isa = PBXVariantGroup;
			children = (
				1F5418A71C68818500213D13 /* Base */,
			);
			name = Main.storyboard;
			sourceTree = "<group>";
		};
		1F5418AB1C68818500213D13 /* LaunchScreen.storyboard */ = {
			isa = PBXVariantGroup;
			children = (
				1F5418AC1C68818500213D13 /* Base */,
			);
			name = LaunchScreen.storyboard;
			sourceTree = "<group>";
		};
/* End PBXVariantGroup section */

/* Begin XCBuildConfiguration section */
		1F5418AF1C68818500213D13 /* Debug */ = {
			isa = XCBuildConfiguration;
			buildSettings = {
				ALWAYS_SEARCH_USER_PATHS = NO;
				CLANG_CXX_LANGUAGE_STANDARD = "gnu++0x";
				CLANG_CXX_LIBRARY = "libc++";
				CLANG_ENABLE_MODULES = YES;
				CLANG_ENABLE_OBJC_ARC = YES;
				CLANG_WARN_BOOL_CONVERSION = YES;
				CLANG_WARN_CONSTANT_CONVERSION = YES;
				CLANG_WARN_DIRECT_OBJC_ISA_USAGE = YES_ERROR;
				CLANG_WARN_EMPTY_BODY = YES;
				CLANG_WARN_ENUM_CONVERSION = YES;
				CLANG_WARN_INT_CONVERSION = YES;
				CLANG_WARN_OBJC_ROOT_CLASS = YES_ERROR;
				CLANG_WARN_UNREACHABLE_CODE = YES;
				CLANG_WARN__DUPLICATE_METHOD_MATCH = YES;
				"CODE_SIGN_IDENTITY[sdk=iphoneos*]" = "iPhone Developer";
				COPY_PHASE_STRIP = NO;
				DEBUG_INFORMATION_FORMAT = dwarf;
				ENABLE_STRICT_OBJC_MSGSEND = YES;
				ENABLE_TESTABILITY = YES;
				GCC_C_LANGUAGE_STANDARD = gnu99;
				GCC_DYNAMIC_NO_PIC = NO;
				GCC_NO_COMMON_BLOCKS = YES;
				GCC_OPTIMIZATION_LEVEL = 0;
				GCC_PREPROCESSOR_DEFINITIONS = (
					"DEBUG=1",
					"$(inherited)",
				);
				GCC_WARN_64_TO_32_BIT_CONVERSION = YES;
				GCC_WARN_ABOUT_RETURN_TYPE = YES_ERROR;
				GCC_WARN_UNDECLARED_SELECTOR = YES;
				GCC_WARN_UNINITIALIZED_AUTOS = YES_AGGRESSIVE;
				GCC_WARN_UNUSED_FUNCTION = YES;
				GCC_WARN_UNUSED_VARIABLE = YES;
				IPHONEOS_DEPLOYMENT_TARGET = 9.0;
				MTL_ENABLE_DEBUG_INFO = YES;
				ONLY_ACTIVE_ARCH = YES;
				SDKROOT = iphoneos;
				SWIFT_OPTIMIZATION_LEVEL = "-Onone";
				TARGETED_DEVICE_FAMILY = "1,2";
			};
			name = Debug;
		};
		1F5418B01C68818500213D13 /* Release */ = {
			isa = XCBuildConfiguration;
			buildSettings = {
				ALWAYS_SEARCH_USER_PATHS = NO;
				CLANG_CXX_LANGUAGE_STANDARD = "gnu++0x";
				CLANG_CXX_LIBRARY = "libc++";
				CLANG_ENABLE_MODULES = YES;
				CLANG_ENABLE_OBJC_ARC = YES;
				CLANG_WARN_BOOL_CONVERSION = YES;
				CLANG_WARN_CONSTANT_CONVERSION = YES;
				CLANG_WARN_DIRECT_OBJC_ISA_USAGE = YES_ERROR;
				CLANG_WARN_EMPTY_BODY = YES;
				CLANG_WARN_ENUM_CONVERSION = YES;
				CLANG_WARN_INT_CONVERSION = YES;
				CLANG_WARN_OBJC_ROOT_CLASS = YES_ERROR;
				CLANG_WARN_UNREACHABLE_CODE = YES;
				CLANG_WARN__DUPLICATE_METHOD_MATCH = YES;
				"CODE_SIGN_IDENTITY[sdk=iphoneos*]" = "iPhone Developer";
				COPY_PHASE_STRIP = NO;
				DEBUG_INFORMATION_FORMAT = "dwarf-with-dsym";
				ENABLE_NS_ASSERTIONS = NO;
				ENABLE_STRICT_OBJC_MSGSEND = YES;
				GCC_C_LANGUAGE_STANDARD = gnu99;
				GCC_NO_COMMON_BLOCKS = YES;
				GCC_WARN_64_TO_32_BIT_CONVERSION = YES;
				GCC_WARN_ABOUT_RETURN_TYPE = YES_ERROR;
				GCC_WARN_UNDECLARED_SELECTOR = YES;
				GCC_WARN_UNINITIALIZED_AUTOS = YES_AGGRESSIVE;
				GCC_WARN_UNUSED_FUNCTION = YES;
				GCC_WARN_UNUSED_VARIABLE = YES;
				IPHONEOS_DEPLOYMENT_TARGET = 9.0;
				MTL_ENABLE_DEBUG_INFO = NO;
				SDKROOT = iphoneos;
				TARGETED_DEVICE_FAMILY = "1,2";
				VALIDATE_PRODUCT = YES;
			};
			name = Release;
		};
		1F5418B21C68818500213D13 /* Debug */ = {
			isa = XCBuildConfiguration;
			buildSettings = {
				ASSETCATALOG_COMPILER_APPICON_NAME = AppIcon;
				INFOPLIST_FILE = StackViews/Info.plist;
				LD_RUNPATH_SEARCH_PATHS = "$(inherited) @executable_path/Frameworks";
				PRODUCT_BUNDLE_IDENTIFIER = com.iransamaneh.StackViews;
				PRODUCT_NAME = "$(TARGET_NAME)";
			};
			name = Debug;
		};
		1F5418B31C68818500213D13 /* Release */ = {
			isa = XCBuildConfiguration;
			buildSettings = {
				ASSETCATALOG_COMPILER_APPICON_NAME = AppIcon;
				INFOPLIST_FILE = StackViews/Info.plist;
				LD_RUNPATH_SEARCH_PATHS = "$(inherited) @executable_path/Frameworks";
				PRODUCT_BUNDLE_IDENTIFIER = com.iransamaneh.StackViews;
				PRODUCT_NAME = "$(TARGET_NAME)";
			};
			name = Release;
		};
/* End XCBuildConfiguration section */

/* Begin XCConfigurationList section */
		1F54189A1C68818500213D13 /* Build configuration list for PBXProject "StackViews" */ = {
			isa = XCConfigurationList;
			buildConfigurations = (
				1F5418AF1C68818500213D13 /* Debug */,
				1F5418B01C68818500213D13 /* Release */,
			);
			defaultConfigurationIsVisible = 0;
			defaultConfigurationName = Release;
		};
		1F5418B11C68818500213D13 /* Build configuration list for PBXNativeTarget "StackViews" */ = {
			isa = XCConfigurationList;
			buildConfigurations = (
				1F5418B21C68818500213D13 /* Debug */,
				1F5418B31C68818500213D13 /* Release */,
			);
			defaultConfigurationIsVisible = 0;
		};
/* End XCConfigurationList section */
	};
	rootObject = 1F5418971C68818500213D13 /* Project object */;
}
